
Microsoft Visual Studio Solution File, Format Version 12.00
# Visual Studio Version 17
VisualStudioVersion = 17.10.35004.147
MinimumVisualStudioVersion = 10.0.40219.1
Project("{FAE04EC0-301F-11D3-BF4B-00C04F79EFBC}") = "Demo-1-MVC", "Demo-1-MVC\Demo-1-MVC.csproj", "{0DEDD2E0-22DE-4168-A384-7CC342377149}"
EndProject
Global
	GlobalSection(SolutionConfigurationPlatforms) = preSolution
		Debug|Any CPU = Debug|Any CPU
		Release|Any CPU = Release|Any CPU
	EndGlobalSection
	GlobalSection(ProjectConfigurationPlatforms) = postSolution
		{0DEDD2E0-22DE-4168-A384-7CC342377149}.Debug|Any CPU.ActiveCfg = Debug|Any CPU
		{0DEDD2E0-22DE-4168-A384-7CC342377149}.Debug|Any CPU.Build.0 = Debug|Any CPU
		{0DEDD2E0-22DE-4168-A384-7CC342377149}.Release|Any CPU.ActiveCfg = Release|Any CPU
		{0DEDD2E0-22DE-4168-A384-7CC342377149}.Release|Any CPU.Build.0 = Release|Any CPU
	EndGlobalSection
	GlobalSection(SolutionProperties) = preSolution
		HideSolutionNode = FALSE
	EndGlobalSection
	GlobalSection(ExtensibilityGlobals) = postSolution
		SolutionGuid = {3BE22192-7F1E-4EEF-80CE-97B04903836A}
	EndGlobalSection
EndGlobal
